
Microsoft Visual Studio Solution File, Format Version 12.00
# Visual Studio Version 18
VisualStudioVersion = 18.5.11723.231 stable
MinimumVisualStudioVersion = 10.0.40219.1
Project("{888888A0-9F3D-457C-B088-3A5042F75D52}") = "HoverNet - PY Multi-File", "HoverNet - PY Multi-File.pyproj", "{F27C6A2B-3CC0-428C-8CED-AE7B96C1C3AF}"
EndProject
Global
	GlobalSection(SolutionConfigurationPlatforms) = preSolution
		Debug|Any CPU = Debug|Any CPU
		Release|Any CPU = Release|Any CPU
	EndGlobalSection
	GlobalSection(ProjectConfigurationPlatforms) = postSolution
		{F27C6A2B-3CC0-428C-8CED-AE7B96C1C3AF}.Debug|Any CPU.ActiveCfg = Debug|Any CPU
		{F27C6A2B-3CC0-428C-8CED-AE7B96C1C3AF}.Release|Any CPU.ActiveCfg = Release|Any CPU
	EndGlobalSection
	GlobalSection(SolutionProperties) = preSolution
		HideSolutionNode = FALSE
	EndGlobalSection
	GlobalSection(ExtensibilityGlobals) = postSolution
		SolutionGuid = {1AA70427-FBA6-4C63-9E89-A952FC17E6D3}
	EndGlobalSection
EndGlobal
